
Microsoft Visual Studio Solution File, Format Version 12.00
# Visual Studio Version 16
VisualStudioVersion = 16.0.30523.141
MinimumVisualStudioVersion = 10.0.40219.1
Project("{FAE04EC0-301F-11D3-BF4B-00C04F79EFBC}") = "PDAManga", "PDAManga\PDAManga.csproj", "{88FE4C96-7171-4D85-B867-40D501A15735}"
EndProject
Global
	GlobalSection(SolutionConfigurationPlatforms) = preSolution
		Debug|Any CPU = Debug|Any CPU
		Release|Any CPU = Release|Any CPU
	EndGlobalSection
	GlobalSection(ProjectConfigurationPlatforms) = postSolution
		{88FE4C96-7171-4D85-B867-40D501A15735}.Debug|Any CPU.ActiveCfg = Debug|Any CPU
		{88FE4C96-7171-4D85-B867-40D501A15735}.Debug|Any CPU.Build.0 = Debug|Any CPU
		{88FE4C96-7171-4D85-B867-40D501A15735}.Release|Any CPU.ActiveCfg = Release|Any CPU
		{88FE4C96-7171-4D85-B867-40D501A15735}.Release|Any CPU.Build.0 = Release|Any CPU
	EndGlobalSection
	GlobalSection(SolutionProperties) = preSolution
		HideSolutionNode = FALSE
	EndGlobalSection
	GlobalSection(ExtensibilityGlobals) = postSolution
		SolutionGuid = {E98ED1AA-4FF9-4E28-9089-43FD7E29A964}
	EndGlobalSection
EndGlobal
